
Microsoft Visual Studio Solution File, Format Version 12.00
# Visual Studio Version 17
VisualStudioVersion = 17.0.31903.59
MinimumVisualStudioVersion = 10.0.40219.1
Project("{FAE04EC0-301F-11D3-BF4B-00C04F79EFBC}") = "AutoWarm.Domain", "AutoWarm.Domain\AutoWarm.Domain.csproj", "{E7B73D47-0517-485C-A9B0-F9FE2C3E1CFF}"
EndProject
Project("{FAE04EC0-301F-11D3-BF4B-00C04F79EFBC}") = "AutoWarm.Application", "AutoWarm.Application\AutoWarm.Application.csproj", "{B5CBC8C9-A24B-46FA-8F58-383E8C2DC7EA}"
EndProject
Project("{FAE04EC0-301F-11D3-BF4B-00C04F79EFBC}") = "AutoWarm.Infrastructure", "AutoWarm.Infrastructure\AutoWarm.Infrastructure.csproj", "{31844897-E708-472E-9C8F-2A173C666EE6}"
EndProject
Project("{FAE04EC0-301F-11D3-BF4B-00C04F79EFBC}") = "AutoWarm.Api", "AutoWarm.Api\AutoWarm.Api.csproj", "{7EEE224D-D90C-46B5-A3B4-DAE8804D840C}"
EndProject
Global
	GlobalSection(SolutionConfigurationPlatforms) = preSolution
		Debug|Any CPU = Debug|Any CPU
		Debug|x64 = Debug|x64
		Debug|x86 = Debug|x86
		Release|Any CPU = Release|Any CPU
		Release|x64 = Release|x64
		Release|x86 = Release|x86
	EndGlobalSection
	GlobalSection(ProjectConfigurationPlatforms) = postSolution
		{E7B73D47-0517-485C-A9B0-F9FE2C3E1CFF}.Debug|Any CPU.ActiveCfg = Debug|Any CPU
		{E7B73D47-0517-485C-A9B0-F9FE2C3E1CFF}.Debug|Any CPU.Build.0 = Debug|Any CPU
		{E7B73D47-0517-485C-A9B0-F9FE2C3E1CFF}.Debug|x64.ActiveCfg = Debug|Any CPU
		{E7B73D47-0517-485C-A9B0-F9FE2C3E1CFF}.Debug|x64.Build.0 = Debug|Any CPU
		{E7B73D47-0517-485C-A9B0-F9FE2C3E1CFF}.Debug|x86.ActiveCfg = Debug|Any CPU
		{E7B73D47-0517-485C-A9B0-F9FE2C3E1CFF}.Debug|x86.Build.0 = Debug|Any CPU
		{E7B73D47-0517-485C-A9B0-F9FE2C3E1CFF}.Release|Any CPU.ActiveCfg = Release|Any CPU
		{E7B73D47-0517-485C-A9B0-F9FE2C3E1CFF}.Release|Any CPU.Build.0 = Release|Any CPU
		{E7B73D47-0517-485C-A9B0-F9FE2C3E1CFF}.Release|x64.ActiveCfg = Release|Any CPU
		{E7B73D47-0517-485C-A9B0-F9FE2C3E1CFF}.Release|x64.Build.0 = Release|Any CPU
		{E7B73D47-0517-485C-A9B0-F9FE2C3E1CFF}.Release|x86.ActiveCfg = Release|Any CPU
		{E7B73D47-0517-485C-A9B0-F9FE2C3E1CFF}.Release|x86.Build.0 = Release|Any CPU
		{B5CBC8C9-A24B-46FA-8F58-383E8C2DC7EA}.Debug|Any CPU.ActiveCfg = Debug|Any CPU
		{B5CBC8C9-A24B-46FA-8F58-383E8C2DC7EA}.Debug|Any CPU.Build.0 = Debug|Any CPU
		{B5CBC8C9-A24B-46FA-8F58-383E8C2DC7EA}.Debug|x64.ActiveCfg = Debug|Any CPU
		{B5CBC8C9-A24B-46FA-8F58-383E8C2DC7EA}.Debug|x64.Build.0 = Debug|Any CPU
		{B5CBC8C9-A24B-46FA-8F58-383E8C2DC7EA}.Debug|x86.ActiveCfg = Debug|Any CPU
		{B5CBC8C9-A24B-46FA-8F58-383E8C2DC7EA}.Debug|x86.Build.0 = Debug|Any CPU
		{B5CBC8C9-A24B-46FA-8F58-383E8C2DC7EA}.Release|Any CPU.ActiveCfg = Release|Any CPU
		{B5CBC8C9-A24B-46FA-8F58-383E8C2DC7EA}.Release|Any CPU.Build.0 = Release|Any CPU
		{B5CBC8C9-A24B-46FA-8F58-383E8C2DC7EA}.Release|x64.ActiveCfg = Release|Any CPU
		{B5CBC8C9-A24B-46FA-8F58-383E8C2DC7EA}.Release|x64.Build.0 = Release|Any CPU
		{B5CBC8C9-A24B-46FA-8F58-383E8C2DC7EA}.Release|x86.ActiveCfg = Release|Any CPU
		{B5CBC8C9-A24B-46FA-8F58-383E8C2DC7EA}.Release|x86.Build.0 = Release|Any CPU
		{31844897-E708-472E-9C8F-2A173C666EE6}.Debug|Any CPU.ActiveCfg = Debug|Any CPU
		{31844897-E708-472E-9C8F-2A173C666EE6}.Debug|Any CPU.Build.0 = Debug|Any CPU
		{31844897-E708-472E-9C8F-2A173C666EE6}.Debug|x64.ActiveCfg = Debug|Any CPU
		{31844897-E708-472E-9C8F-2A173C666EE6}.Debug|x64.Build.0 = Debug|Any CPU
		{31844897-E708-472E-9C8F-2A173C666EE6}.Debug|x86.ActiveCfg = Debug|Any CPU
		{31844897-E708-472E-9C8F-2A173C666EE6}.Debug|x86.Build.0 = Debug|Any CPU
		{31844897-E708-472E-9C8F-2A173C666EE6}.Release|Any CPU.ActiveCfg = Release|Any CPU
		{31844897-E708-472E-9C8F-2A173C666EE6}.Release|Any CPU.Build.0 = Release|Any CPU
		{31844897-E708-472E-9C8F-2A173C666EE6}.Release|x64.ActiveCfg = Release|Any CPU
		{31844897-E708-472E-9C8F-2A173C666EE6}.Release|x64.Build.0 = Release|Any CPU
		{31844897-E708-472E-9C8F-2A173C666EE6}.Release|x86.ActiveCfg = Release|Any CPU
		{31844897-E708-472E-9C8F-2A173C666EE6}.Release|x86.Build.0 = Release|Any CPU
		{7EEE224D-D90C-46B5-A3B4-DAE8804D840C}.Debug|Any CPU.ActiveCfg = Debug|Any CPU
		{7EEE224D-D90C-46B5-A3B4-DAE8804D840C}.Debug|Any CPU.Build.0 = Debug|Any CPU
		{7EEE224D-D90C-46B5-A3B4-DAE8804D840C}.Debug|x64.ActiveCfg = Debug|Any CPU
		{7EEE224D-D90C-46B5-A3B4-DAE8804D840C}.Debug|x64.Build.0 = Debug|Any CPU
		{7EEE224D-D90C-46B5-A3B4-DAE8804D840C}.Debug|x86.ActiveCfg = Debug|Any CPU
		{7EEE224D-D90C-46B5-A3B4-DAE8804D840C}.Debug|x86.Build.0 = Debug|Any CPU
		{7EEE224D-D90C-46B5-A3B4-DAE8804D840C}.Release|Any CPU.ActiveCfg = Release|Any CPU
		{7EEE224D-D90C-46B5-A3B4-DAE8804D840C}.Release|Any CPU.Build.0 = Release|Any CPU
		{7EEE224D-D90C-46B5-A3B4-DAE8804D840C}.Release|x64.ActiveCfg = Release|Any CPU
		{7EEE224D-D90C-46B5-A3B4-DAE8804D840C}.Release|x64.Build.0 = Release|Any CPU
		{7EEE224D-D90C-46B5-A3B4-DAE8804D840C}.Release|x86.ActiveCfg = Release|Any CPU
		{7EEE224D-D90C-46B5-A3B4-DAE8804D840C}.Release|x86.Build.0 = Release|Any CPU
	EndGlobalSection
	GlobalSection(SolutionProperties) = preSolution
		HideSolutionNode = FALSE
	EndGlobalSection
EndGlobal
